// !$*UTF8*$!
{
	archiveVersion = 1;
	classes = {
	};
	objectVersion = 46;
	objects = {

/* Begin PBXBuildFile section */
		6ABD173C1E08350C00D75083 /* icon_original.jpg in Resources */ = {isa = PBXBuildFile; fileRef = 6ABD17361E08350C00D75083 /* icon_original.jpg */; };
		6ABD173D1E08350C00D75083 /* icon76.png in Resources */ = {isa = PBXBuildFile; fileRef = 6ABD17371E08350C00D75083 /* icon76.png */; };
		6ABD173E1E08350C00D75083 /* icon120.png in Resources */ = {isa = PBXBuildFile; fileRef = 6ABD17381E08350C00D75083 /* icon120.png */; };
		6ABD173F1E08350C00D75083 /* icon152.png in Resources */ = {isa = PBXBuildFile; fileRef = 6ABD17391E08350C00D75083 /* icon152.png */; };
		6ABD17401E08350C00D75083 /* icon167.png in Resources */ = {isa = PBXBuildFile; fileRef = 6ABD173A1E08350C00D75083 /* icon167.png */; };
		6ABD17411E08350C00D75083 /* icon180.png in Resources */ = {isa = PBXBuildFile; fileRef = 6ABD173B1E08350C00D75083 /* icon180.png */; };
		FD9FDA361E07121400FB018D /* AppDelegate.swift in Sources */ = {isa = PBXBuildFile; fileRef = FD9FDA351E07121400FB018D /* AppDelegate.swift */; };
		FD9FDA381E07121400FB018D /* ViewController.swift in Sources */ = {isa = PBXBuildFile; fileRef = FD9FDA371E07121400FB018D /* ViewController.swift */; };
		FD9FDA3B1E07121400FB018D /* Main.storyboard in Resources */ = {isa = PBXBuildFile; fileRef = FD9FDA391E07121400FB018D /* Main.storyboard */; };
		FD9FDA3D1E07121400FB018D /* Assets.xcassets in Resources */ = {isa = PBXBuildFile; fileRef = FD9FDA3C1E07121400FB018D /* Assets.xcassets */; };
		FD9FDA401E07121400FB018D /* LaunchScreen.storyboard in Resources */ = {isa = PBXBuildFile; fileRef = FD9FDA3E1E07121400FB018D /* LaunchScreen.storyboard */; };
		FDB9E5331E071608009CFA6E /* bgImg.jpg in Resources */ = {isa = PBXBuildFile; fileRef = FDB9E5321E071608009CFA6E /* bgImg.jpg */; };
/* End PBXBuildFile section */

/* Begin PBXFileReference section */
		6ABD17361E08350C00D75083 /* icon_original.jpg */ = {isa = PBXFileReference; lastKnownFileType = image.jpeg; name = icon_original.jpg; path = Icons/icon_original.jpg; sourceTree = "<group>"; };
		6ABD17371E08350C00D75083 /* icon76.png */ = {isa = PBXFileReference; lastKnownFileType = image.png; name = icon76.png; path = Icons/icon76.png; sourceTree = "<group>"; };
		6ABD17381E08350C00D75083 /* icon120.png */ = {isa = PBXFileReference; lastKnownFileType = image.png; name = icon120.png; path = Icons/icon120.png; sourceTree = "<group>"; };
		6ABD17391E08350C00D75083 /* icon152.png */ = {isa = PBXFileReference; lastKnownFileType = image.png; name = icon152.png; path = Icons/icon152.png; sourceTree = "<group>"; };
		6ABD173A1E08350C00D75083 /* icon167.png */ = {isa = PBXFileReference; lastKnownFileType = image.png; name = icon167.png; path = Icons/icon167.png; sourceTree = "<group>"; };
		6ABD173B1E08350C00D75083 /* icon180.png */ = {isa = PBXFileReference; lastKnownFileType = image.png; name = icon180.png; path = Icons/icon180.png; sourceTree = "<group>"; };
		FD9FDA321E07121400FB018D /* TConversion.app */ = {isa = PBXFileReference; explicitFileType = wrapper.application; includeInIndex = 0; path = TConversion.app; sourceTree = BUILT_PRODUCTS_DIR; };
		FD9FDA351E07121400FB018D /* AppDelegate.swift */ = {isa = PBXFileReference; lastKnownFileType = sourcecode.swift; path = AppDelegate.swift; sourceTree = "<group>"; };
		FD9FDA371E07121400FB018D /* ViewController.swift */ = {isa = PBXFileReference; lastKnownFileType = sourcecode.swift; path = ViewController.swift; sourceTree = "<group>"; };
		FD9FDA3A1E07121400FB018D /* Base */ = {isa = PBXFileReference; lastKnownFileType = file.storyboard; name = Base; path = Base.lproj/Main.storyboard; sourceTree = "<group>"; };
		FD9FDA3C1E07121400FB018D /* Assets.xcassets */ = {isa = PBXFileReference; lastKnownFileType = folder.assetcatalog; path = Assets.xcassets; sourceTree = "<group>"; };
		FD9FDA3F1E07121400FB018D /* Base */ = {isa = PBXFileReference; lastKnownFileType = file.storyboard; name = Base; path = Base.lproj/LaunchScreen.storyboard; sourceTree = "<group>"; };
		FD9FDA411E07121400FB018D /* Info.plist */ = {isa = PBXFileReference; lastKnownFileType = text.plist.xml; path = Info.plist; sourceTree = "<group>"; };
		FDB9E5321E071608009CFA6E /* bgImg.jpg */ = {isa = PBXFileReference; lastKnownFileType = image.jpeg; path = bgImg.jpg; sourceTree = "<group>"; };
/* End PBXFileReference section */

/* Begin PBXFrameworksBuildPhase section */
		FD9FDA2F1E07121400FB018D /* Frameworks */ = {
			isa = PBXFrameworksBuildPhase;
			buildActionMask = 2147483647;
			files = (
			);
			runOnlyForDeploymentPostprocessing = 0;
		};
/* End PBXFrameworksBuildPhase section */

/* Begin PBXGroup section */
		FD9FDA291E07121400FB018D = {
			isa = PBXGroup;
			children = (
				FD9FDA341E07121400FB018D /* TConversion */,
				FD9FDA331E07121400FB018D /* Products */,
				FDB9E5321E071608009CFA6E /* bgImg.jpg */,
				6ABD17361E08350C00D75083 /* icon_original.jpg */,
				6ABD17371E08350C00D75083 /* icon76.png */,
				6ABD17381E08350C00D75083 /* icon120.png */,
				6ABD17391E08350C00D75083 /* icon152.png */,
				6ABD173A1E08350C00D75083 /* icon167.png */,
				6ABD173B1E08350C00D75083 /* icon180.png */,
			);
			sourceTree = "<group>";
		};
		FD9FDA331E07121400FB018D /* Products */ = {
			isa = PBXGroup;
			children = (
				FD9FDA321E07121400FB018D /* TConversion.app */,
			);
			name = Products;
			sourceTree = "<group>";
		};
		FD9FDA341E07121400FB018D /* TConversion */ = {
			isa = PBXGroup;
			children = (
				FD9FDA351E07121400FB018D /* AppDelegate.swift */,
				FD9FDA371E07121400FB018D /* ViewController.swift */,
				FD9FDA391E07121400FB018D /* Main.storyboard */,
				FD9FDA3C1E07121400FB018D /* Assets.xcassets */,
				FD9FDA3E1E07121400FB018D /* LaunchScreen.storyboard */,
				FD9FDA411E07121400FB018D /* Info.plist */,
			);
			path = TConversion;
			sourceTree = "<group>";
		};
/* End PBXGroup section */

/* Begin PBXNativeTarget section */
		FD9FDA311E07121400FB018D /* TConversion */ = {
			isa = PBXNativeTarget;
			buildConfigurationList = FD9FDA441E07121400FB018D /* Build configuration list for PBXNativeTarget "TConversion" */;
			buildPhases = (
				FD9FDA2E1E07121400FB018D /* Sources */,
				FD9FDA2F1E07121400FB018D /* Frameworks */,
				FD9FDA301E07121400FB018D /* Resources */,
			);
			buildRules = (
			);
			dependencies = (
			);
			name = TConversion;
			productName = TConversion;
			productReference = FD9FDA321E07121400FB018D /* TConversion.app */;
			productType = "com.apple.product-type.application";
		};
/* End PBXNativeTarget section */

/* Begin PBXProject section */
		FD9FDA2A1E07121400FB018D /* Project object */ = {
			isa = PBXProject;
			attributes = {
				LastSwiftUpdateCheck = 0820;
				LastUpgradeCheck = 0940;
				ORGANIZATIONNAME = "Y. Yang";
				TargetAttributes = {
					FD9FDA311E07121400FB018D = {
						CreatedOnToolsVersion = 8.2;
						DevelopmentTeam = A45TQ85HF7;
						ProvisioningStyle = Automatic;
					};
				};
			};
			buildConfigurationList = FD9FDA2D1E07121400FB018D /* Build configuration list for PBXProject "TConversion" */;
			compatibilityVersion = "Xcode 3.2";
			developmentRegion = English;
			hasScannedForEncodings = 0;
			knownRegions = (
				English,
				en,
				Base,
			);
			mainGroup = FD9FDA291E07121400FB018D;
			productRefGroup = FD9FDA331E07121400FB018D /* Products */;
			projectDirPath = "";
			projectRoot = "";
			targets = (
				FD9FDA311E07121400FB018D /* TConversion */,
			);
		};
/* End PBXProject section */

/* Begin PBXResourcesBuildPhase section */
		FD9FDA301E07121400FB018D /* Resources */ = {
			isa = PBXResourcesBuildPhase;
			buildActionMask = 2147483647;
			files = (
				6ABD173C1E08350C00D75083 /* icon_original.jpg in Resources */,
				6ABD173D1E08350C00D75083 /* icon76.png in Resources */,
				FD9FDA401E07121400FB018D /* LaunchScreen.storyboard in Resources */,
				6ABD173E1E08350C00D75083 /* icon120.png in Resources */,
				6ABD17411E08350C00D75083 /* icon180.png in Resources */,
				FD9FDA3D1E07121400FB018D /* Assets.xcassets in Resources */,
				FDB9E5331E071608009CFA6E /* bgImg.jpg in Resources */,
				FD9FDA3B1E07121400FB018D /* Main.storyboard in Resources */,
				6ABD173F1E08350C00D75083 /* icon152.png in Resources */,
				6ABD17401E08350C00D75083 /* icon167.png in Resources */,
			);
			runOnlyForDeploymentPostprocessing = 0;
		};
/* End PBXResourcesBuildPhase section */

/* Begin PBXSourcesBuildPhase section */
		FD9FDA2E1E07121400FB018D /* Sources */ = {
			isa = PBXSourcesBuildPhase;
			buildActionMask = 2147483647;
			files = (
				FD9FDA381E07121400FB018D /* ViewController.swift in Sources */,
				FD9FDA361E07121400FB018D /* AppDelegate.swift in Sources */,
			);
			runOnlyForDeploymentPostprocessing = 0;
		};
/* End PBXSourcesBuildPhase section */

/* Begin PBXVariantGroup section */
		FD9FDA391E07121400FB018D /* Main.storyboard */ = {
			isa = PBXVariantGroup;
			children = (
				FD9FDA3A1E07121400FB018D /* Base */,
			);
			name = Main.storyboard;
			sourceTree = "<group>";
		};
		FD9FDA3E1E07121400FB018D /* LaunchScreen.storyboard */ = {
			isa = PBXVariantGroup;
			children = (
				FD9FDA3F1E07121400FB018D /* Base */,
			);
			name = LaunchScreen.storyboard;
			sourceTree = "<group>";
		};
/* End PBXVariantGroup section */

/* Begin XCBuildConfiguration section */
		FD9FDA421E07121400FB018D /* Debug */ = {
			isa = XCBuildConfiguration;
			buildSettings = {
				ALWAYS_SEARCH_USER_PATHS = NO;
				CLANG_ANALYZER_NONNULL = YES;
				CLANG_CXX_LANGUAGE_STANDARD = "gnu++0x";
				CLANG_CXX_LIBRARY = "libc++";
				CLANG_ENABLE_MODULES = YES;
				CLANG_ENABLE_OBJC_ARC = YES;
				CLANG_WARN_BLOCK_CAPTURE_AUTORELEASING = YES;
				CLANG_WARN_BOOL_CONVERSION = YES;
				CLANG_WARN_COMMA = YES;
				CLANG_WARN_CONSTANT_CONVERSION = YES;
				CLANG_WARN_DEPRECATED_OBJC_IMPLEMENTATIONS = YES;
				CLANG_WARN_DIRECT_OBJC_ISA_USAGE = YES_ERROR;
				CLANG_WARN_DOCUMENTATION_COMMENTS = YES;
				CLANG_WARN_EMPTY_BODY = YES;
				CLANG_WARN_ENUM_CONVERSION = YES;
				CLANG_WARN_INFINITE_RECURSION = YES;
				CLANG_WARN_INT_CONVERSION = YES;
				CLANG_WARN_NON_LITERAL_NULL_CONVERSION = YES;
				CLANG_WARN_OBJC_IMPLICIT_RETAIN_SELF = YES;
				CLANG_WARN_OBJC_LITERAL_CONVERSION = YES;
				CLANG_WARN_OBJC_ROOT_CLASS = YES_ERROR;
				CLANG_WARN_RANGE_LOOP_ANALYSIS = YES;
				CLANG_WARN_STRICT_PROTOTYPES = YES;
				CLANG_WARN_SUSPICIOUS_MOVE = YES;
				CLANG_WARN_UNREACHABLE_CODE = YES;
				CLANG_WARN__DUPLICATE_METHOD_MATCH = YES;
				"CODE_SIGN_IDENTITY[sdk=iphoneos*]" = "iPhone Developer";
				COPY_PHASE_STRIP = NO;
				DEBUG_INFORMATION_FORMAT = dwarf;
				ENABLE_STRICT_OBJC_MSGSEND = YES;
				ENABLE_TESTABILITY = YES;
				GCC_C_LANGUAGE_STANDARD = gnu99;
				GCC_DYNAMIC_NO_PIC = NO;
				GCC_NO_COMMON_BLOCKS = YES;
				GCC_OPTIMIZATION_LEVEL = 0;
				GCC_PREPROCESSOR_DEFINITIONS = (
					"DEBUG=1",
					"$(inherited)",
				);
				GCC_WARN_64_TO_32_BIT_CONVERSION = YES;
				GCC_WARN_ABOUT_RETURN_TYPE = YES_ERROR;
				GCC_WARN_UNDECLARED_SELECTOR = YES;
				GCC_WARN_UNINITIALIZED_AUTOS = YES_AGGRESSIVE;
				GCC_WARN_UNUSED_FUNCTION = YES;
				GCC_WARN_UNUSED_VARIABLE = YES;
				IPHONEOS_DEPLOYMENT_TARGET = 10.2;
				MTL_ENABLE_DEBUG_INFO = YES;
				ONLY_ACTIVE_ARCH = YES;
				SDKROOT = iphoneos;
				SWIFT_ACTIVE_COMPILATION_CONDITIONS = DEBUG;
				SWIFT_OPTIMIZATION_LEVEL = "-Onone";
				TARGETED_DEVICE_FAMILY = "1,2";
			};
			name = Debug;
		};
		FD9FDA431E07121400FB018D /* Release */ = {
			isa = XCBuildConfiguration;
			buildSettings = {
				ALWAYS_SEARCH_USER_PATHS = NO;
				CLANG_ANALYZER_NONNULL = YES;
				CLANG_CXX_LANGUAGE_STANDARD = "gnu++0x";
				CLANG_CXX_LIBRARY = "libc++";
				CLANG_ENABLE_MODULES = YES;
				CLANG_ENABLE_OBJC_ARC = YES;
				CLANG_WARN_BLOCK_CAPTURE_AUTORELEASING = YES;
				CLANG_WARN_BOOL_CONVERSION = YES;
				CLANG_WARN_COMMA = YES;
				CLANG_WARN_CONSTANT_CONVERSION = YES;
				CLANG_WARN_DEPRECATED_OBJC_IMPLEMENTATIONS = YES;
				CLANG_WARN_DIRECT_OBJC_ISA_USAGE = YES_ERROR;
				CLANG_WARN_DOCUMENTATION_COMMENTS = YES;
				CLANG_WARN_EMPTY_BODY = YES;
				CLANG_WARN_ENUM_CONVERSION = YES;
				CLANG_WARN_INFINITE_RECURSION = YES;
				CLANG_WARN_INT_CONVERSION = YES;
				CLANG_WARN_NON_LITERAL_NULL_CONVERSION = YES;
				CLANG_WARN_OBJC_IMPLICIT_RETAIN_SELF = YES;
				CLANG_WARN_OBJC_LITERAL_CONVERSION = YES;
				CLANG_WARN_OBJC_ROOT_CLASS = YES_ERROR;
				CLANG_WARN_RANGE_LOOP_ANALYSIS = YES;
				CLANG_WARN_STRICT_PROTOTYPES = YES;
				CLANG_WARN_SUSPICIOUS_MOVE = YES;
				CLANG_WARN_UNREACHABLE_CODE = YES;
				CLANG_WARN__DUPLICATE_METHOD_MATCH = YES;
				"CODE_SIGN_IDENTITY[sdk=iphoneos*]" = "iPhone Developer";
				COPY_PHASE_STRIP = NO;
				DEBUG_INFORMATION_FORMAT = "dwarf-with-dsym";
				ENABLE_NS_ASSERTIONS = NO;
				ENABLE_STRICT_OBJC_MSGSEND = YES;
				GCC_C_LANGUAGE_STANDARD = gnu99;
				GCC_NO_COMMON_BLOCKS = YES;
				GCC_WARN_64_TO_32_BIT_CONVERSION = YES;
				GCC_WARN_ABOUT_RETURN_TYPE = YES_ERROR;
				GCC_WARN_UNDECLARED_SELECTOR = YES;
				GCC_WARN_UNINITIALIZED_AUTOS = YES_AGGRESSIVE;
				GCC_WARN_UNUSED_FUNCTION = YES;
				GCC_WARN_UNUSED_VARIABLE = YES;
				IPHONEOS_DEPLOYMENT_TARGET = 10.2;
				MTL_ENABLE_DEBUG_INFO = NO;
				SDKROOT = iphoneos;
				SWIFT_OPTIMIZATION_LEVEL = "-Owholemodule";
				TARGETED_DEVICE_FAMILY = "1,2";
				VALIDATE_PRODUCT = YES;
			};
			name = Release;
		};
		FD9FDA451E07121400FB018D /* Debug */ = {
			isa = XCBuildConfiguration;
			buildSettings = {
				ASSETCATALOG_COMPILER_APPICON_NAME = AppIcon;
				DEVELOPMENT_TEAM = A45TQ85HF7;
				INFOPLIST_FILE = TConversion/Info.plist;
				LD_RUNPATH_SEARCH_PATHS = "$(inherited) @executable_path/Frameworks";
				PRODUCT_BUNDLE_IDENTIFIER = SmartY.TConversion;
				PRODUCT_NAME = "$(TARGET_NAME)";
				SWIFT_VERSION = 5.0;
			};
			name = Debug;
		};
		FD9FDA461E07121400FB018D /* Release */ = {
			isa = XCBuildConfiguration;
			buildSettings = {
				ASSETCATALOG_COMPILER_APPICON_NAME = AppIcon;
				DEVELOPMENT_TEAM = A45TQ85HF7;
				INFOPLIST_FILE = TConversion/Info.plist;
				LD_RUNPATH_SEARCH_PATHS = "$(inherited) @executable_path/Frameworks";
				PRODUCT_BUNDLE_IDENTIFIER = SmartY.TConversion;
				PRODUCT_NAME = "$(TARGET_NAME)";
				SWIFT_VERSION = 5.0;
			};
			name = Release;
		};
/* End XCBuildConfiguration section */

/* Begin XCConfigurationList section */
		FD9FDA2D1E07121400FB018D /* Build configuration list for PBXProject "TConversion" */ = {
			isa = XCConfigurationList;
			buildConfigurations = (
				FD9FDA421E07121400FB018D /* Debug */,
				FD9FDA431E07121400FB018D /* Release */,
			);
			defaultConfigurationIsVisible = 0;
			defaultConfigurationName = Release;
		};
		FD9FDA441E07121400FB018D /* Build configuration list for PBXNativeTarget "TConversion" */ = {
			isa = XCConfigurationList;
			buildConfigurations = (
				FD9FDA451E07121400FB018D /* Debug */,
				FD9FDA461E07121400FB018D /* Release */,
			);
			defaultConfigurationIsVisible = 0;
			defaultConfigurationName = Release;
		};
/* End XCConfigurationList section */
	};
	rootObject = FD9FDA2A1E07121400FB018D /* Project object */;
}
